
Microsoft Visual Studio Solution File, Format Version 12.00
# Visual Studio Version 17
VisualStudioVersion = 17.6.33829.357
MinimumVisualStudioVersion = 10.0.40219.1
Project("{FAE04EC0-301F-11D3-BF4B-00C04F79EFBC}") = "web", "web\web.csproj", "{1014F18D-DE91-473A-B2BB-54BF1B819E86}"
EndProject
Global
	GlobalSection(SolutionConfigurationPlatforms) = preSolution
		Debug|Any CPU = Debug|Any CPU
		Release|Any CPU = Release|Any CPU
	EndGlobalSection
	GlobalSection(ProjectConfigurationPlatforms) = postSolution
		{1014F18D-DE91-473A-B2BB-54BF1B819E86}.Debug|Any CPU.ActiveCfg = Debug|Any CPU
		{1014F18D-DE91-473A-B2BB-54BF1B819E86}.Debug|Any CPU.Build.0 = Debug|Any CPU
		{1014F18D-DE91-473A-B2BB-54BF1B819E86}.Release|Any CPU.ActiveCfg = Release|Any CPU
		{1014F18D-DE91-473A-B2BB-54BF1B819E86}.Release|Any CPU.Build.0 = Release|Any CPU
	EndGlobalSection
	GlobalSection(SolutionProperties) = preSolution
		HideSolutionNode = FALSE
	EndGlobalSection
	GlobalSection(ExtensibilityGlobals) = postSolution
		SolutionGuid = {7CA5FA71-B94D-419A-9303-C4EABAC49A6D}
	EndGlobalSection
EndGlobal
